
Microsoft Visual Studio Solution File, Format Version 12.00
# Visual Studio Version 16
VisualStudioVersion = 16.0.30011.22
MinimumVisualStudioVersion = 10.0.40219.1
Project("{FAE04EC0-301F-11D3-BF4B-00C04F79EFBC}") = "IAM", "IAM\IAM.csproj", "{9FF598AD-3496-465E-A48A-A64684C291AA}"
EndProject
Global
	GlobalSection(SolutionConfigurationPlatforms) = preSolution
		Debug|Any CPU = Debug|Any CPU
		Release|Any CPU = Release|Any CPU
	EndGlobalSection
	GlobalSection(ProjectConfigurationPlatforms) = postSolution
		{9FF598AD-3496-465E-A48A-A64684C291AA}.Debug|Any CPU.ActiveCfg = Debug|Any CPU
		{9FF598AD-3496-465E-A48A-A64684C291AA}.Debug|Any CPU.Build.0 = Debug|Any CPU
		{9FF598AD-3496-465E-A48A-A64684C291AA}.Release|Any CPU.ActiveCfg = Release|Any CPU
		{9FF598AD-3496-465E-A48A-A64684C291AA}.Release|Any CPU.Build.0 = Release|Any CPU
	EndGlobalSection
	GlobalSection(SolutionProperties) = preSolution
		HideSolutionNode = FALSE
	EndGlobalSection
	GlobalSection(ExtensibilityGlobals) = postSolution
		SolutionGuid = {5FB6035E-BD22-4BF2-96A5-A69A032C6154}
	EndGlobalSection
EndGlobal
